<Solution>
  <Folder Name="/src/">
    <Project Path="src/ControleDeBar.Dominio/ControleDeBar.Dominio.csproj" />
    <Project Path="src/ControleDeBar.Aplicacao/ControleDeBar.Aplicacao.csproj" />
    <Project Path="src/ControleDeBar.Infra/ControleDeBar.Infra.csproj" />
    <Project Path="src/ControleDeBar.WebApp/ControleDeBar.WebApp.csproj" />
  </Folder>
  <Folder Name="/tests/">
    <Project Path="tests/Controle-De-Bar.Testes.Integracao/Controle-De-Bar.Testes.Integracao.csproj" />
    <Project Path="tests/Controle-De-Bar.Testes.Unidade/Controle-De-Bar.Testes.Unidade.csproj" />
  </Folder>
</Solution>
